// !$*UTF8*$!
{
	archiveVersion = 1;
	classes = {
	};
	objectVersion = 56;
	objects = {

/* Begin PBXBuildFile section */
		930C342529436D0700AC2AC4 /* Project36Code.swift in Sources */ = {isa = PBXBuildFile; fileRef = 930C342429436D0700AC2AC4 /* Project36Code.swift */; };
		930C342729436D5400AC2AC4 /* TowerDefenseCode.swift in Sources */ = {isa = PBXBuildFile; fileRef = 930C342629436D5400AC2AC4 /* TowerDefenseCode.swift */; };
		938B5500294371540089CC8D /* GameScene.sks in Resources */ = {isa = PBXBuildFile; fileRef = 938B54FF294371540089CC8D /* GameScene.sks */; };
		93F4405029436AF600191440 /* AppDelegate.swift in Sources */ = {isa = PBXBuildFile; fileRef = 93F4404F29436AF600191440 /* AppDelegate.swift */; };
		93F4405629436AF600191440 /* GameScene.swift in Sources */ = {isa = PBXBuildFile; fileRef = 93F4405529436AF600191440 /* GameScene.swift */; };
		93F4405829436AF600191440 /* GameViewController.swift in Sources */ = {isa = PBXBuildFile; fileRef = 93F4405729436AF600191440 /* GameViewController.swift */; };
		93F4405B29436AF600191440 /* Main.storyboard in Resources */ = {isa = PBXBuildFile; fileRef = 93F4405929436AF600191440 /* Main.storyboard */; };
		93F4405D29436AF600191440 /* Assets.xcassets in Resources */ = {isa = PBXBuildFile; fileRef = 93F4405C29436AF600191440 /* Assets.xcassets */; };
		93F4406029436AF600191440 /* LaunchScreen.storyboard in Resources */ = {isa = PBXBuildFile; fileRef = 93F4405E29436AF600191440 /* LaunchScreen.storyboard */; };
/* End PBXBuildFile section */

/* Begin PBXFileReference section */
		930C342429436D0700AC2AC4 /* Project36Code.swift */ = {isa = PBXFileReference; lastKnownFileType = sourcecode.swift; path = Project36Code.swift; sourceTree = "<group>"; };
		930C342629436D5400AC2AC4 /* TowerDefenseCode.swift */ = {isa = PBXFileReference; lastKnownFileType = sourcecode.swift; path = TowerDefenseCode.swift; sourceTree = "<group>"; };
		938B54FF294371540089CC8D /* GameScene.sks */ = {isa = PBXFileReference; lastKnownFileType = file.sks; path = GameScene.sks; sourceTree = "<group>"; };
		93F4404C29436AF600191440 /* Elfior.app */ = {isa = PBXFileReference; explicitFileType = wrapper.application; includeInIndex = 0; path = Elfior.app; sourceTree = BUILT_PRODUCTS_DIR; };
		93F4404F29436AF600191440 /* AppDelegate.swift */ = {isa = PBXFileReference; lastKnownFileType = sourcecode.swift; path = AppDelegate.swift; sourceTree = "<group>"; };
		93F4405529436AF600191440 /* GameScene.swift */ = {isa = PBXFileReference; lastKnownFileType = sourcecode.swift; path = GameScene.swift; sourceTree = "<group>"; };
		93F4405729436AF600191440 /* GameViewController.swift */ = {isa = PBXFileReference; lastKnownFileType = sourcecode.swift; path = GameViewController.swift; sourceTree = "<group>"; };
		93F4405A29436AF600191440 /* Base */ = {isa = PBXFileReference; lastKnownFileType = file.storyboard; name = Base; path = Base.lproj/Main.storyboard; sourceTree = "<group>"; };
		93F4405C29436AF600191440 /* Assets.xcassets */ = {isa = PBXFileReference; lastKnownFileType = folder.assetcatalog; path = Assets.xcassets; sourceTree = "<group>"; };
		93F4405F29436AF600191440 /* Base */ = {isa = PBXFileReference; lastKnownFileType = file.storyboard; name = Base; path = Base.lproj/LaunchScreen.storyboard; sourceTree = "<group>"; };
/* End PBXFileReference section */

/* Begin PBXFrameworksBuildPhase section */
		93F4404929436AF600191440 /* Frameworks */ = {
			isa = PBXFrameworksBuildPhase;
			buildActionMask = 2147483647;
			files = (
			);
			runOnlyForDeploymentPostprocessing = 0;
		};
/* End PBXFrameworksBuildPhase section */

/* Begin PBXGroup section */
		93F4404329436AF600191440 = {
			isa = PBXGroup;
			children = (
				93F4404E29436AF600191440 /* Elfior */,
				93F4404D29436AF600191440 /* Products */,
			);
			sourceTree = "<group>";
		};
		93F4404D29436AF600191440 /* Products */ = {
			isa = PBXGroup;
			children = (
				93F4404C29436AF600191440 /* Elfior.app */,
			);
			name = Products;
			sourceTree = "<group>";
		};
		93F4404E29436AF600191440 /* Elfior */ = {
			isa = PBXGroup;
			children = (
				93F4404F29436AF600191440 /* AppDelegate.swift */,
				93F4405529436AF600191440 /* GameScene.swift */,
				93F4405729436AF600191440 /* GameViewController.swift */,
				93F4405929436AF600191440 /* Main.storyboard */,
				93F4405C29436AF600191440 /* Assets.xcassets */,
				93F4405E29436AF600191440 /* LaunchScreen.storyboard */,
				930C342429436D0700AC2AC4 /* Project36Code.swift */,
				930C342629436D5400AC2AC4 /* TowerDefenseCode.swift */,
				938B54FF294371540089CC8D /* GameScene.sks */,
			);
			path = Elfior;
			sourceTree = "<group>";
		};
/* End PBXGroup section */

/* Begin PBXNativeTarget section */
		93F4404B29436AF600191440 /* Elfior */ = {
			isa = PBXNativeTarget;
			buildConfigurationList = 93F4406329436AF600191440 /* Build configuration list for PBXNativeTarget "Elfior" */;
			buildPhases = (
				93F4404829436AF600191440 /* Sources */,
				93F4404929436AF600191440 /* Frameworks */,
				93F4404A29436AF600191440 /* Resources */,
			);
			buildRules = (
			);
			dependencies = (
			);
			name = Elfior;
			productName = Elfior;
			productReference = 93F4404C29436AF600191440 /* Elfior.app */;
			productType = "com.apple.product-type.application";
		};
/* End PBXNativeTarget section */

/* Begin PBXProject section */
		93F4404429436AF600191440 /* Project object */ = {
			isa = PBXProject;
			attributes = {
				BuildIndependentTargetsInParallel = 1;
				LastSwiftUpdateCheck = 1410;
				LastUpgradeCheck = 1410;
				TargetAttributes = {
					93F4404B29436AF600191440 = {
						CreatedOnToolsVersion = 14.1;
					};
				};
			};
			buildConfigurationList = 93F4404729436AF600191440 /* Build configuration list for PBXProject "Elfior" */;
			compatibilityVersion = "Xcode 14.0";
			developmentRegion = en;
			hasScannedForEncodings = 0;
			knownRegions = (
				en,
				Base,
			);
			mainGroup = 93F4404329436AF600191440;
			productRefGroup = 93F4404D29436AF600191440 /* Products */;
			projectDirPath = "";
			projectRoot = "";
			targets = (
				93F4404B29436AF600191440 /* Elfior */,
			);
		};
/* End PBXProject section */

/* Begin PBXResourcesBuildPhase section */
		93F4404A29436AF600191440 /* Resources */ = {
			isa = PBXResourcesBuildPhase;
			buildActionMask = 2147483647;
			files = (
				938B5500294371540089CC8D /* GameScene.sks in Resources */,
				93F4405B29436AF600191440 /* Main.storyboard in Resources */,
				93F4405D29436AF600191440 /* Assets.xcassets in Resources */,
				93F4406029436AF600191440 /* LaunchScreen.storyboard in Resources */,
			);
			runOnlyForDeploymentPostprocessing = 0;
		};
/* End PBXResourcesBuildPhase section */

/* Begin PBXSourcesBuildPhase section */
		93F4404829436AF600191440 /* Sources */ = {
			isa = PBXSourcesBuildPhase;
			buildActionMask = 2147483647;
			files = (
				93F4405629436AF600191440 /* GameScene.swift in Sources */,
				93F4405829436AF600191440 /* GameViewController.swift in Sources */,
				930C342729436D5400AC2AC4 /* TowerDefenseCode.swift in Sources */,
				93F4405029436AF600191440 /* AppDelegate.swift in Sources */,
				930C342529436D0700AC2AC4 /* Project36Code.swift in Sources */,
			);
			runOnlyForDeploymentPostprocessing = 0;
		};
/* End PBXSourcesBuildPhase section */

/* Begin PBXVariantGroup section */
		93F4405929436AF600191440 /* Main.storyboard */ = {
			isa = PBXVariantGroup;
			children = (
				93F4405A29436AF600191440 /* Base */,
			);
			name = Main.storyboard;
			sourceTree = "<group>";
		};
		93F4405E29436AF600191440 /* LaunchScreen.storyboard */ = {
			isa = PBXVariantGroup;
			children = (
				93F4405F29436AF600191440 /* Base */,
			);
			name = LaunchScreen.storyboard;
			sourceTree = "<group>";
		};
/* End PBXVariantGroup section */

/* Begin XCBuildConfiguration section */
		93F4406129436AF600191440 /* Debug */ = {
			isa = XCBuildConfiguration;
			buildSettings = {
				ALWAYS_SEARCH_USER_PATHS = NO;
				CLANG_ANALYZER_NONNULL = YES;
				CLANG_ANALYZER_NUMBER_OBJECT_CONVERSION = YES_AGGRESSIVE;
				CLANG_CXX_LANGUAGE_STANDARD = "gnu++20";
				CLANG_ENABLE_MODULES = YES;
				CLANG_ENABLE_OBJC_ARC = YES;
				CLANG_ENABLE_OBJC_WEAK = YES;
				CLANG_WARN_BLOCK_CAPTURE_AUTORELEASING = YES;
				CLANG_WARN_BOOL_CONVERSION = YES;
				CLANG_WARN_COMMA = YES;
				CLANG_WARN_CONSTANT_CONVERSION = YES;
				CLANG_WARN_DEPRECATED_OBJC_IMPLEMENTATIONS = YES;
				CLANG_WARN_DIRECT_OBJC_ISA_USAGE = YES_ERROR;
				CLANG_WARN_DOCUMENTATION_COMMENTS = YES;
				CLANG_WARN_EMPTY_BODY = YES;
				CLANG_WARN_ENUM_CONVERSION = YES;
				CLANG_WARN_INFINITE_RECURSION = YES;
				CLANG_WARN_INT_CONVERSION = YES;
				CLANG_WARN_NON_LITERAL_NULL_CONVERSION = YES;
				CLANG_WARN_OBJC_IMPLICIT_RETAIN_SELF = YES;
				CLANG_WARN_OBJC_LITERAL_CONVERSION = YES;
				CLANG_WARN_OBJC_ROOT_CLASS = YES_ERROR;
				CLANG_WARN_QUOTED_INCLUDE_IN_FRAMEWORK_HEADER = YES;
				CLANG_WARN_RANGE_LOOP_ANALYSIS = YES;
				CLANG_WARN_STRICT_PROTOTYPES = YES;
				CLANG_WARN_SUSPICIOUS_MOVE = YES;
				CLANG_WARN_UNGUARDED_AVAILABILITY = YES_AGGRESSIVE;
				CLANG_WARN_UNREACHABLE_CODE = YES;
				CLANG_WARN__DUPLICATE_METHOD_MATCH = YES;
				COPY_PHASE_STRIP = NO;
				DEBUG_INFORMATION_FORMAT = dwarf;
				ENABLE_STRICT_OBJC_MSGSEND = YES;
				ENABLE_TESTABILITY = YES;
				GCC_C_LANGUAGE_STANDARD = gnu11;
				GCC_DYNAMIC_NO_PIC = NO;
				GCC_NO_COMMON_BLOCKS = YES;
				GCC_OPTIMIZATION_LEVEL = 0;
				GCC_PREPROCESSOR_DEFINITIONS = (
					"DEBUG=1",
					"$(inherited)",
				);
				GCC_WARN_64_TO_32_BIT_CONVERSION = YES;
				GCC_WARN_ABOUT_RETURN_TYPE = YES_ERROR;
				GCC_WARN_UNDECLARED_SELECTOR = YES;
				GCC_WARN_UNINITIALIZED_AUTOS = YES_AGGRESSIVE;
				GCC_WARN_UNUSED_FUNCTION = YES;
				GCC_WARN_UNUSED_VARIABLE = YES;
				IPHONEOS_DEPLOYMENT_TARGET = 16.1;
				MTL_ENABLE_DEBUG_INFO = INCLUDE_SOURCE;
				MTL_FAST_MATH = YES;
				ONLY_ACTIVE_ARCH = YES;
				SDKROOT = iphoneos;
				SWIFT_ACTIVE_COMPILATION_CONDITIONS = DEBUG;
				SWIFT_OPTIMIZATION_LEVEL = "-Onone";
			};
			name = Debug;
		};
		93F4406229436AF600191440 /* Release */ = {
			isa = XCBuildConfiguration;
			buildSettings = {
				ALWAYS_SEARCH_USER_PATHS = NO;
				CLANG_ANALYZER_NONNULL = YES;
				CLANG_ANALYZER_NUMBER_OBJECT_CONVERSION = YES_AGGRESSIVE;
				CLANG_CXX_LANGUAGE_STANDARD = "gnu++20";
				CLANG_ENABLE_MODULES = YES;
				CLANG_ENABLE_OBJC_ARC = YES;
				CLANG_ENABLE_OBJC_WEAK = YES;
				CLANG_WARN_BLOCK_CAPTURE_AUTORELEASING = YES;
				CLANG_WARN_BOOL_CONVERSION = YES;
				CLANG_WARN_COMMA = YES;
				CLANG_WARN_CONSTANT_CONVERSION = YES;
				CLANG_WARN_DEPRECATED_OBJC_IMPLEMENTATIONS = YES;
				CLANG_WARN_DIRECT_OBJC_ISA_USAGE = YES_ERROR;
				CLANG_WARN_DOCUMENTATION_COMMENTS = YES;
				CLANG_WARN_EMPTY_BODY = YES;
				CLANG_WARN_ENUM_CONVERSION = YES;
				CLANG_WARN_INFINITE_RECURSION = YES;
				CLANG_WARN_INT_CONVERSION = YES;
				CLANG_WARN_NON_LITERAL_NULL_CONVERSION = YES;
				CLANG_WARN_OBJC_IMPLICIT_RETAIN_SELF = YES;
				CLANG_WARN_OBJC_LITERAL_CONVERSION = YES;
				CLANG_WARN_OBJC_ROOT_CLASS = YES_ERROR;
				CLANG_WARN_QUOTED_INCLUDE_IN_FRAMEWORK_HEADER = YES;
				CLANG_WARN_RANGE_LOOP_ANALYSIS = YES;
				CLANG_WARN_STRICT_PROTOTYPES = YES;
				CLANG_WARN_SUSPICIOUS_MOVE = YES;
				CLANG_WARN_UNGUARDED_AVAILABILITY = YES_AGGRESSIVE;
				CLANG_WARN_UNREACHABLE_CODE = YES;
				CLANG_WARN__DUPLICATE_METHOD_MATCH = YES;
				COPY_PHASE_STRIP = NO;
				DEBUG_INFORMATION_FORMAT = "dwarf-with-dsym";
				ENABLE_NS_ASSERTIONS = NO;
				ENABLE_STRICT_OBJC_MSGSEND = YES;
				GCC_C_LANGUAGE_STANDARD = gnu11;
				GCC_NO_COMMON_BLOCKS = YES;
				GCC_WARN_64_TO_32_BIT_CONVERSION = YES;
				GCC_WARN_ABOUT_RETURN_TYPE = YES_ERROR;
				GCC_WARN_UNDECLARED_SELECTOR = YES;
				GCC_WARN_UNINITIALIZED_AUTOS = YES_AGGRESSIVE;
				GCC_WARN_UNUSED_FUNCTION = YES;
				GCC_WARN_UNUSED_VARIABLE = YES;
				IPHONEOS_DEPLOYMENT_TARGET = 16.1;
				MTL_ENABLE_DEBUG_INFO = NO;
				MTL_FAST_MATH = YES;
				SDKROOT = iphoneos;
				SWIFT_COMPILATION_MODE = wholemodule;
				SWIFT_OPTIMIZATION_LEVEL = "-O";
				VALIDATE_PRODUCT = YES;
			};
			name = Release;
		};
		93F4406429436AF600191440 /* Debug */ = {
			isa = XCBuildConfiguration;
			buildSettings = {
				ASSETCATALOG_COMPILER_APPICON_NAME = AppIcon;
				ASSETCATALOG_COMPILER_GLOBAL_ACCENT_COLOR_NAME = AccentColor;
				CODE_SIGN_STYLE = Automatic;
				CURRENT_PROJECT_VERSION = 1;
				DEVELOPMENT_TEAM = NH485ANM24;
				GENERATE_INFOPLIST_FILE = YES;
				INFOPLIST_KEY_UIApplicationSupportsIndirectInputEvents = YES;
				INFOPLIST_KEY_UILaunchStoryboardName = LaunchScreen;
				INFOPLIST_KEY_UIMainStoryboardFile = Main;
				INFOPLIST_KEY_UIRequiresFullScreen = YES;
				INFOPLIST_KEY_UIStatusBarHidden = YES;
				INFOPLIST_KEY_UISupportedInterfaceOrientations = "UIInterfaceOrientationLandscapeLeft UIInterfaceOrientationLandscapeRight";
				INFOPLIST_KEY_UISupportedInterfaceOrientations_iPad = "UIInterfaceOrientationLandscapeLeft UIInterfaceOrientationLandscapeRight UIInterfaceOrientationPortrait UIInterfaceOrientationPortraitUpsideDown";
				LD_RUNPATH_SEARCH_PATHS = (
					"$(inherited)",
					"@executable_path/Frameworks",
				);
				MARKETING_VERSION = 1.0;
				PRODUCT_BUNDLE_IDENTIFIER = academy.2022.mattia.Elfior;
				PRODUCT_NAME = "$(TARGET_NAME)";
				SWIFT_EMIT_LOC_STRINGS = YES;
				SWIFT_VERSION = 5.0;
				TARGETED_DEVICE_FAMILY = "1,2";
			};
			name = Debug;
		};
		93F4406529436AF600191440 /* Release */ = {
			isa = XCBuildConfiguration;
			buildSettings = {
				ASSETCATALOG_COMPILER_APPICON_NAME = AppIcon;
				ASSETCATALOG_COMPILER_GLOBAL_ACCENT_COLOR_NAME = AccentColor;
				CODE_SIGN_STYLE = Automatic;
				CURRENT_PROJECT_VERSION = 1;
				DEVELOPMENT_TEAM = NH485ANM24;
				GENERATE_INFOPLIST_FILE = YES;
				INFOPLIST_KEY_UIApplicationSupportsIndirectInputEvents = YES;
				INFOPLIST_KEY_UILaunchStoryboardName = LaunchScreen;
				INFOPLIST_KEY_UIMainStoryboardFile = Main;
				INFOPLIST_KEY_UIRequiresFullScreen = YES;
				INFOPLIST_KEY_UIStatusBarHidden = YES;
				INFOPLIST_KEY_UISupportedInterfaceOrientations = "UIInterfaceOrientationLandscapeLeft UIInterfaceOrientationLandscapeRight";
				INFOPLIST_KEY_UISupportedInterfaceOrientations_iPad = "UIInterfaceOrientationLandscapeLeft UIInterfaceOrientationLandscapeRight UIInterfaceOrientationPortrait UIInterfaceOrientationPortraitUpsideDown";
				LD_RUNPATH_SEARCH_PATHS = (
					"$(inherited)",
					"@executable_path/Frameworks",
				);
				MARKETING_VERSION = 1.0;
				PRODUCT_BUNDLE_IDENTIFIER = academy.2022.mattia.Elfior;
				PRODUCT_NAME = "$(TARGET_NAME)";
				SWIFT_EMIT_LOC_STRINGS = YES;
				SWIFT_VERSION = 5.0;
				TARGETED_DEVICE_FAMILY = "1,2";
			};
			name = Release;
		};
/* End XCBuildConfiguration section */

/* Begin XCConfigurationList section */
		93F4404729436AF600191440 /* Build configuration list for PBXProject "Elfior" */ = {
			isa = XCConfigurationList;
			buildConfigurations = (
				93F4406129436AF600191440 /* Debug */,
				93F4406229436AF600191440 /* Release */,
			);
			defaultConfigurationIsVisible = 0;
			defaultConfigurationName = Release;
		};
		93F4406329436AF600191440 /* Build configuration list for PBXNativeTarget "Elfior" */ = {
			isa = XCConfigurationList;
			buildConfigurations = (
				93F4406429436AF600191440 /* Debug */,
				93F4406529436AF600191440 /* Release */,
			);
			defaultConfigurationIsVisible = 0;
			defaultConfigurationName = Release;
		};
/* End XCConfigurationList section */
	};
	rootObject = 93F4404429436AF600191440 /* Project object */;
}
